github.com/ecnepsnai/craigslist v0.0.6 h1:bUsox3QzX456J0IxeuzjOv0i4YyVZvE0JdAusKlVp88=
github.com/ecnepsnai/craigslist v0.0.6/go.mod h1:cJ4N5aEIWhoHcUqv7N4Tv0+fB66GnU3NLdffJTWuCpE=
github.com/ecnepsnai/discord v1.2.1 h1:rtdyzVmCuzIoot9SNJ+lrBO/Jq4toQf5Wq4KGBl3MdM=
github.com/ecnepsnai/discord v1.2.1/go.mod h1:28QckHg22piBfbG1qUVL9GBEhKoZ0bgKEV5LHUUnud8=
github.com/ecnepsnai/logtic v1.8.1/go.mod h1:T1Urgk72Dz8z8JxtZSq63xD0djhy9bRJcfdvPpRgHyg=
github.com/ecnepsnai/logtic v1.9.1 h1:EmN1g7p+xtCZMzuICnVSYsNclJSG9n+X3K8FOdffFi8=
github.com/ecnepsnai/logtic v1.9.1/go.mod h1:fs2kkqGqiX77ejVNBKpSV/dMVtn9bTg9YtHLP9MC0U8=
github.com/ecnepsnai/store v1.2.2 h1:Azyi23OgLyJmXX6OOSE7trd+/CLTzDvBpw+HIIUiO4c=
github.com/ecnepsnai/store v1.2.2/go.mod h1:ODK2OhOEVD+aGKoazkAEShp8GSgTCkalIDRpKAJ6yRI=
github.com/fatih/color v1.12.0/go.mod h1:ELkj/draVOlAH/xkhN6mQ50Qd0MPOk5AAr3maGEBuJM=
github.com/google/uuid v1.3.0 h1:t6JiXgmwXMjEs8VusXIJk2BXHsn+wx8BZdTaoZ5fu7I=
github.com/google/uuid v1.3.0/go.mod h1:TIyPZe4MgqvfeYDBFedMoGGpEw/LqOeaOT+nhxU+yHo=
github.com/mattn/go-colorable v0.1.8/go.mod h1:u6P/XSegPjTcexA+o6vUJrdnUu04hMope9wVRipJSqc=
github.com/mattn/go-isatty v0.0.12/go.mod h1:cbi8OIDigv2wuxKPP5vlRcQ1OAZbq2CE4Kysco4FUpU=
go.etcd.io/bbolt v1.3.6 h1:/ecaJf0sk1l4l6V4awd65v2C3ILy7MSj+s/x1ADCIMU=
go.etcd.io/bbolt v1.3.6/go.mod h1:qXsaaIqmgQH0T+OPdb99Bf+PKfBBQVAdyD6TY9G8XM4=
golang.org/x/sys v0.0.0-20200116001909-b77594299b42/go.mod h1:h1NjWce9XRLGQEsW7wpKNCjG9DtNlClVuFLEZdDNbEs=
golang.org/x/sys v0.0.0-20200223170610-d5e6a3e2c0ae/go.mod h1:h1NjWce9XRLGQEsW7wpKNCjG9DtNlClVuFLEZdDNbEs=
golang.org/x/sys v0.0.0-20200923182605-d9f96fdee20d h1:L/IKR6COd7ubZrs2oTnTi73IhgqJ71c9s80WsQnh0Es=
golang.org/x/sys v0.0.0-20200923182605-d9f96fdee20d/go.mod h1:h1NjWce9XRLGQEsW7wpKNCjG9DtNlClVuFLEZdDNbEs=
