github.com/ecnepsnai/craigslist v0.0.3 h1:sL31lgJVlLITOkjEhtzJUNMiH7Bxyork/dDdcZZQWOM=
github.com/ecnepsnai/craigslist v0.0.3/go.mod h1:geo4+kiOZAHCLwPpjRbfZrwdIs7S4vzrRmhb7xeoY44=
github.com/ecnepsnai/discord v1.2.0 h1:1hlKKOVpyNpdOuI5/QEGHMNhyCM5fKddyvEsPQk9BMc=
github.com/ecnepsnai/discord v1.2.0/go.mod h1:oFhY+XzcLUuYSVBCDsupNH9o/t231TADNACDAFv7gac=
github.com/ecnepsnai/logtic v1.4.0 h1:AGE2KaOkmbRo6EGe0BgNHq2m4p6EXMOQg6QdYIOJewU=
github.com/ecnepsnai/logtic v1.4.0/go.mod h1:XIDZDGQqTg6mF2wXTunatM2owN3UaFq3W5YkcwFI8Ao=
github.com/ecnepsnai/store v1.1.0 h1:5PjQWLIdgu0yXJSssMQvMjmCaF2ZJ1nRlbHdCri5rig=
github.com/ecnepsnai/store v1.1.0/go.mod h1:VPGKRQk8c6cnsvy3XxxX0yj2R2q8hpP9bLzmCQWFQ20=
github.com/fatih/color v1.9.0 h1:8xPHl4/q1VyqGIPif1F+1V3Y3lSmrq01EabUW3CoW5s=
github.com/fatih/color v1.9.0/go.mod h1:eQcE1qtQxscV5RaZvpXrrb8Drkc3/DdQ+uUYCNjL+zU=
github.com/google/uuid v1.1.2 h1:EVhdT+1Kseyi1/pUmXKaFxYsDNy9RQYkMWRH68J/W7Y=
github.com/google/uuid v1.1.2/go.mod h1:TIyPZe4MgqvfeYDBFedMoGGpEw/LqOeaOT+nhxU+yHo=
github.com/mattn/go-colorable v0.1.4 h1:snbPLB8fVfU9iwbbo30TPtbLRzwWu6aJS6Xh4eaaviA=
github.com/mattn/go-colorable v0.1.4/go.mod h1:U0ppj6V5qS13XJ6of8GYAs25YV2eR4EVcfRqFIhoBtE=
github.com/mattn/go-isatty v0.0.8/go.mod h1:Iq45c/XA43vh69/j3iqttzPXn0bhXyGjM0Hdxcsrc5s=
github.com/mattn/go-isatty v0.0.11 h1:FxPOTFNqGkuDUGi3H/qkUbQO4ZiBa2brKq5r0l8TGeM=
github.com/mattn/go-isatty v0.0.11/go.mod h1:PhnuNfih5lzO57/f3n+odYbM4JtupLOxQOAqxQCu2WE=
go.etcd.io/bbolt v1.3.4 h1:hi1bXHMVrlQh6WwxAy+qZCV/SYIlqo+Ushwdpa4tAKg=
go.etcd.io/bbolt v1.3.4/go.mod h1:G5EMThwa9y8QZGBClrRx5EY+Yw9kAhnjy3bSjsnlVTQ=
golang.org/x/sys v0.0.0-20190222072716-a9d3bda3a223/go.mod h1:STP8DvDyc/dI5b8T5hshtkjS+E42TnysNCUPdjciGhY=
golang.org/x/sys v0.0.0-20191026070338-33540a1f6037/go.mod h1:h1NjWce9XRLGQEsW7wpKNCjG9DtNlClVuFLEZdDNbEs=
golang.org/x/sys v0.0.0-20200202164722-d101bd2416d5 h1:LfCXLvNmTYH9kEmVgqbnsWfruoXZIrh4YBgqVHtDvw0=
golang.org/x/sys v0.0.0-20200202164722-d101bd2416d5/go.mod h1:h1NjWce9XRLGQEsW7wpKNCjG9DtNlClVuFLEZdDNbEs=
